
Microsoft Visual Studio Solution File, Format Version 12.00
# Visual Studio Version 17
VisualStudioVersion = 17.4.33122.133
MinimumVisualStudioVersion = 10.0.40219.1
Project("{9A19103F-16F7-4668-BE54-9A1E7A4F7556}") = "CrudNet7MVC", "CrudNet7MVC\CrudNet7MVC.csproj", "{281329FC-B2D9-4619-9819-66C5CD052C68}"
EndProject
Project("{2150E333-8FDC-42A3-9474-1A3956D46DE8}") = "Solution Items", "Solution Items", "{03C26500-43FC-45FD-960B-75BD35653BB5}"
	ProjectSection(SolutionItems) = preProject
		.editorconfig = .editorconfig
	EndProjectSection
EndProject
Global
	GlobalSection(SolutionConfigurationPlatforms) = preSolution
		Debug|Any CPU = Debug|Any CPU
		Release|Any CPU = Release|Any CPU
	EndGlobalSection
	GlobalSection(ProjectConfigurationPlatforms) = postSolution
		{281329FC-B2D9-4619-9819-66C5CD052C68}.Debug|Any CPU.ActiveCfg = Debug|Any CPU
		{281329FC-B2D9-4619-9819-66C5CD052C68}.Debug|Any CPU.Build.0 = Debug|Any CPU
		{281329FC-B2D9-4619-9819-66C5CD052C68}.Release|Any CPU.ActiveCfg = Release|Any CPU
		{281329FC-B2D9-4619-9819-66C5CD052C68}.Release|Any CPU.Build.0 = Release|Any CPU
	EndGlobalSection
	GlobalSection(SolutionProperties) = preSolution
		HideSolutionNode = FALSE
	EndGlobalSection
	GlobalSection(ExtensibilityGlobals) = postSolution
		SolutionGuid = {7A66919D-4439-4ED6-A767-FD0539E43786}
	EndGlobalSection
EndGlobal
